// !$*UTF8*$!
{
	archiveVersion = 1;
	classes = {
	};
	objectVersion = 50;
	objects = {

/* Begin PBXBuildFile section */
		2111FA9123A847DE009D310B /* GoalLogger.xcdatamodeld in Sources */ = {isa = PBXBuildFile; fileRef = 2111FA8F23A847DE009D310B /* GoalLogger.xcdatamodeld */; };
		2111FAB523A8D181009D310B /* DetailTableViewController.swift in Sources */ = {isa = PBXBuildFile; fileRef = 2111FAB423A8D181009D310B /* DetailTableViewController.swift */; };
		2111FAD023AA0616009D310B /* Goal+CoreDataClass.swift in Sources */ = {isa = PBXBuildFile; fileRef = 2111FACA23AA0616009D310B /* Goal+CoreDataClass.swift */; };
		2111FAD123AA0616009D310B /* Goal+CoreDataProperties.swift in Sources */ = {isa = PBXBuildFile; fileRef = 2111FACB23AA0616009D310B /* Goal+CoreDataProperties.swift */; };
		2111FAD423AA0616009D310B /* Duration+CoreDataClass.swift in Sources */ = {isa = PBXBuildFile; fileRef = 2111FACE23AA0616009D310B /* Duration+CoreDataClass.swift */; };
		2111FAD523AA0616009D310B /* Duration+CoreDataProperties.swift in Sources */ = {isa = PBXBuildFile; fileRef = 2111FACF23AA0616009D310B /* Duration+CoreDataProperties.swift */; };
		2114022423C32F6200A3B083 /* Reward+CoreDataClass.swift in Sources */ = {isa = PBXBuildFile; fileRef = 2114022223C32F6200A3B083 /* Reward+CoreDataClass.swift */; };
		2114022523C32F6200A3B083 /* Reward+CoreDataProperties.swift in Sources */ = {isa = PBXBuildFile; fileRef = 2114022323C32F6200A3B083 /* Reward+CoreDataProperties.swift */; };
		2123FAC223B5E353005BE8D8 /* RewardsViewController.swift in Sources */ = {isa = PBXBuildFile; fileRef = 2123FAC123B5E353005BE8D8 /* RewardsViewController.swift */; };
		2123FAC423BB130D005BE8D8 /* AddRewardViewController.swift in Sources */ = {isa = PBXBuildFile; fileRef = 2123FAC323BB130D005BE8D8 /* AddRewardViewController.swift */; };
		2123FACC23BB40C5005BE8D8 /* RewardTableViewCell.swift in Sources */ = {isa = PBXBuildFile; fileRef = 2123FACB23BB40C5005BE8D8 /* RewardTableViewCell.swift */; };
		212D480123767436005ABA0A /* AppDelegate.swift in Sources */ = {isa = PBXBuildFile; fileRef = 212D480023767436005ABA0A /* AppDelegate.swift */; };
		212D480323767436005ABA0A /* SceneDelegate.swift in Sources */ = {isa = PBXBuildFile; fileRef = 212D480223767436005ABA0A /* SceneDelegate.swift */; };
		212D480823767436005ABA0A /* Main.storyboard in Resources */ = {isa = PBXBuildFile; fileRef = 212D480623767436005ABA0A /* Main.storyboard */; };
		212D480A23767437005ABA0A /* Assets.xcassets in Resources */ = {isa = PBXBuildFile; fileRef = 212D480923767437005ABA0A /* Assets.xcassets */; };
		212D480D23767437005ABA0A /* LaunchScreen.storyboard in Resources */ = {isa = PBXBuildFile; fileRef = 212D480B23767437005ABA0A /* LaunchScreen.storyboard */; };
		212D48152376746E005ABA0A /* MainScreenViewController.swift in Sources */ = {isa = PBXBuildFile; fileRef = 212D48142376746E005ABA0A /* MainScreenViewController.swift */; };
		212D48192376787E005ABA0A /* GoalCell.swift in Sources */ = {isa = PBXBuildFile; fileRef = 212D48182376787E005ABA0A /* GoalCell.swift */; };
		212D481B237687D8005ABA0A /* AddGoalTableViewController.swift in Sources */ = {isa = PBXBuildFile; fileRef = 212D481A237687D8005ABA0A /* AddGoalTableViewController.swift */; };
		21C6364923D6DB41000AB778 /* FirstTab.storyboard in Resources */ = {isa = PBXBuildFile; fileRef = 21C6364823D6DB41000AB778 /* FirstTab.storyboard */; };
		21C6364C23D6DB5B000AB778 /* SecondTab.storyboard in Resources */ = {isa = PBXBuildFile; fileRef = 21C6364A23D6DB5B000AB778 /* SecondTab.storyboard */; };
		21C6364E23D6DC79000AB778 /* HistoryViewController.swift in Sources */ = {isa = PBXBuildFile; fileRef = 21C6364D23D6DC79000AB778 /* HistoryViewController.swift */; };
		21C6365123D6F21A000AB778 /* HistoryCollectionViewCell.swift in Sources */ = {isa = PBXBuildFile; fileRef = 21C6365023D6F21A000AB778 /* HistoryCollectionViewCell.swift */; };
/* End PBXBuildFile section */

/* Begin PBXFileReference section */
		2111FA9023A847DE009D310B /* Goal.xcdatamodel */ = {isa = PBXFileReference; lastKnownFileType = wrapper.xcdatamodel; path = Goal.xcdatamodel; sourceTree = "<group>"; };
		2111FAB423A8D181009D310B /* DetailTableViewController.swift */ = {isa = PBXFileReference; fileEncoding = 4; lastKnownFileType = sourcecode.swift; path = DetailTableViewController.swift; sourceTree = "<group>"; };
		2111FACA23AA0616009D310B /* Goal+CoreDataClass.swift */ = {isa = PBXFileReference; lastKnownFileType = sourcecode.swift; path = "Goal+CoreDataClass.swift"; sourceTree = "<group>"; };
		2111FACB23AA0616009D310B /* Goal+CoreDataProperties.swift */ = {isa = PBXFileReference; lastKnownFileType = sourcecode.swift; path = "Goal+CoreDataProperties.swift"; sourceTree = "<group>"; };
		2111FACE23AA0616009D310B /* Duration+CoreDataClass.swift */ = {isa = PBXFileReference; lastKnownFileType = sourcecode.swift; path = "Duration+CoreDataClass.swift"; sourceTree = "<group>"; };
		2111FACF23AA0616009D310B /* Duration+CoreDataProperties.swift */ = {isa = PBXFileReference; lastKnownFileType = sourcecode.swift; path = "Duration+CoreDataProperties.swift"; sourceTree = "<group>"; };
		2114022223C32F6200A3B083 /* Reward+CoreDataClass.swift */ = {isa = PBXFileReference; lastKnownFileType = sourcecode.swift; path = "Reward+CoreDataClass.swift"; sourceTree = "<group>"; };
		2114022323C32F6200A3B083 /* Reward+CoreDataProperties.swift */ = {isa = PBXFileReference; lastKnownFileType = sourcecode.swift; path = "Reward+CoreDataProperties.swift"; sourceTree = "<group>"; };
		2123FAC123B5E353005BE8D8 /* RewardsViewController.swift */ = {isa = PBXFileReference; lastKnownFileType = sourcecode.swift; path = RewardsViewController.swift; sourceTree = "<group>"; };
		2123FAC323BB130D005BE8D8 /* AddRewardViewController.swift */ = {isa = PBXFileReference; lastKnownFileType = sourcecode.swift; path = AddRewardViewController.swift; sourceTree = "<group>"; };
		2123FACB23BB40C5005BE8D8 /* RewardTableViewCell.swift */ = {isa = PBXFileReference; lastKnownFileType = sourcecode.swift; path = RewardTableViewCell.swift; sourceTree = "<group>"; };
		212D47FD23767436005ABA0A /* Track My Goals.app */ = {isa = PBXFileReference; explicitFileType = wrapper.application; includeInIndex = 0; path = "Track My Goals.app"; sourceTree = BUILT_PRODUCTS_DIR; };
		212D480023767436005ABA0A /* AppDelegate.swift */ = {isa = PBXFileReference; lastKnownFileType = sourcecode.swift; path = AppDelegate.swift; sourceTree = "<group>"; };
		212D480223767436005ABA0A /* SceneDelegate.swift */ = {isa = PBXFileReference; lastKnownFileType = sourcecode.swift; path = SceneDelegate.swift; sourceTree = "<group>"; };
		212D480723767436005ABA0A /* Base */ = {isa = PBXFileReference; lastKnownFileType = file.storyboard; name = Base; path = Base.lproj/Main.storyboard; sourceTree = "<group>"; };
		212D480923767437005ABA0A /* Assets.xcassets */ = {isa = PBXFileReference; lastKnownFileType = folder.assetcatalog; path = Assets.xcassets; sourceTree = "<group>"; };
		212D480C23767437005ABA0A /* Base */ = {isa = PBXFileReference; lastKnownFileType = file.storyboard; name = Base; path = Base.lproj/LaunchScreen.storyboard; sourceTree = "<group>"; };
		212D480E23767437005ABA0A /* Info.plist */ = {isa = PBXFileReference; lastKnownFileType = text.plist.xml; path = Info.plist; sourceTree = "<group>"; };
		212D48142376746E005ABA0A /* MainScreenViewController.swift */ = {isa = PBXFileReference; lastKnownFileType = sourcecode.swift; path = MainScreenViewController.swift; sourceTree = "<group>"; };
		212D48182376787E005ABA0A /* GoalCell.swift */ = {isa = PBXFileReference; lastKnownFileType = sourcecode.swift; path = GoalCell.swift; sourceTree = "<group>"; };
		212D481A237687D8005ABA0A /* AddGoalTableViewController.swift */ = {isa = PBXFileReference; lastKnownFileType = sourcecode.swift; path = AddGoalTableViewController.swift; sourceTree = "<group>"; };
		21C6364823D6DB41000AB778 /* FirstTab.storyboard */ = {isa = PBXFileReference; fileEncoding = 4; lastKnownFileType = file.storyboard; path = FirstTab.storyboard; sourceTree = "<group>"; };
		21C6364B23D6DB5B000AB778 /* Base */ = {isa = PBXFileReference; lastKnownFileType = file.storyboard; name = Base; path = Goal_Logger/View/Base.lproj/SecondTab.storyboard; sourceTree = "<group>"; };
		21C6364D23D6DC79000AB778 /* HistoryViewController.swift */ = {isa = PBXFileReference; lastKnownFileType = sourcecode.swift; path = HistoryViewController.swift; sourceTree = "<group>"; };
		21C6365023D6F21A000AB778 /* HistoryCollectionViewCell.swift */ = {isa = PBXFileReference; lastKnownFileType = sourcecode.swift; path = HistoryCollectionViewCell.swift; sourceTree = "<group>"; };
/* End PBXFileReference section */

/* Begin PBXFrameworksBuildPhase section */
		212D47FA23767436005ABA0A /* Frameworks */ = {
			isa = PBXFrameworksBuildPhase;
			buildActionMask = 2147483647;
			files = (
			);
			runOnlyForDeploymentPostprocessing = 0;
		};
/* End PBXFrameworksBuildPhase section */

/* Begin PBXGroup section */
		212D47F423767436005ABA0A = {
			isa = PBXGroup;
			children = (
				2114022223C32F6200A3B083 /* Reward+CoreDataClass.swift */,
				2114022323C32F6200A3B083 /* Reward+CoreDataProperties.swift */,
				2111FACA23AA0616009D310B /* Goal+CoreDataClass.swift */,
				2111FACB23AA0616009D310B /* Goal+CoreDataProperties.swift */,
				2111FACE23AA0616009D310B /* Duration+CoreDataClass.swift */,
				2111FACF23AA0616009D310B /* Duration+CoreDataProperties.swift */,
				212D47FF23767436005ABA0A /* Goal_Logger */,
				212D47FE23767436005ABA0A /* Products */,
			);
			sourceTree = "<group>";
		};
		212D47FE23767436005ABA0A /* Products */ = {
			isa = PBXGroup;
			children = (
				212D47FD23767436005ABA0A /* Track My Goals.app */,
			);
			name = Products;
			sourceTree = "<group>";
		};
		212D47FF23767436005ABA0A /* Goal_Logger */ = {
			isa = PBXGroup;
			children = (
				21304B6623BC6833004E848C /* Model */,
				21304B6723BC6845004E848C /* View */,
				21304B6823BC6853004E848C /* View Controller */,
				212D480023767436005ABA0A /* AppDelegate.swift */,
				212D480223767436005ABA0A /* SceneDelegate.swift */,
				212D480923767437005ABA0A /* Assets.xcassets */,
				212D480B23767437005ABA0A /* LaunchScreen.storyboard */,
				212D480E23767437005ABA0A /* Info.plist */,
			);
			path = Goal_Logger;
			sourceTree = "<group>";
		};
		21304B6623BC6833004E848C /* Model */ = {
			isa = PBXGroup;
			children = (
				2111FA8F23A847DE009D310B /* GoalLogger.xcdatamodeld */,
			);
			path = Model;
			sourceTree = "<group>";
		};
		21304B6723BC6845004E848C /* View */ = {
			isa = PBXGroup;
			children = (
				212D480623767436005ABA0A /* Main.storyboard */,
				21C6364823D6DB41000AB778 /* FirstTab.storyboard */,
				21C6364A23D6DB5B000AB778 /* SecondTab.storyboard */,
			);
			path = View;
			sourceTree = "<group>";
		};
		21304B6823BC6853004E848C /* View Controller */ = {
			isa = PBXGroup;
			children = (
				212D48142376746E005ABA0A /* MainScreenViewController.swift */,
				212D481A237687D8005ABA0A /* AddGoalTableViewController.swift */,
				2111FAB423A8D181009D310B /* DetailTableViewController.swift */,
				2123FAC123B5E353005BE8D8 /* RewardsViewController.swift */,
				2123FAC323BB130D005BE8D8 /* AddRewardViewController.swift */,
				21C6364D23D6DC79000AB778 /* HistoryViewController.swift */,
				21C6364F23D6DC87000AB778 /* Cells */,
			);
			path = "View Controller";
			sourceTree = "<group>";
		};
		21C6364F23D6DC87000AB778 /* Cells */ = {
			isa = PBXGroup;
			children = (
				2123FACB23BB40C5005BE8D8 /* RewardTableViewCell.swift */,
				212D48182376787E005ABA0A /* GoalCell.swift */,
				21C6365023D6F21A000AB778 /* HistoryCollectionViewCell.swift */,
			);
			path = Cells;
			sourceTree = "<group>";
		};
/* End PBXGroup section */

/* Begin PBXNativeTarget section */
		212D47FC23767436005ABA0A /* Track My Goals */ = {
			isa = PBXNativeTarget;
			buildConfigurationList = 212D481123767437005ABA0A /* Build configuration list for PBXNativeTarget "Track My Goals" */;
			buildPhases = (
				212D47F923767436005ABA0A /* Sources */,
				212D47FA23767436005ABA0A /* Frameworks */,
				212D47FB23767436005ABA0A /* Resources */,
			);
			buildRules = (
			);
			dependencies = (
			);
			name = "Track My Goals";
			productName = Goal_Logger;
			productReference = 212D47FD23767436005ABA0A /* Track My Goals.app */;
			productType = "com.apple.product-type.application";
		};
/* End PBXNativeTarget section */

/* Begin PBXProject section */
		212D47F523767436005ABA0A /* Project object */ = {
			isa = PBXProject;
			attributes = {
				LastSwiftUpdateCheck = 1110;
				LastUpgradeCheck = 1110;
				ORGANIZATIONNAME = "Will Chew";
				TargetAttributes = {
					212D47FC23767436005ABA0A = {
						CreatedOnToolsVersion = 11.1;
					};
				};
			};
			buildConfigurationList = 212D47F823767436005ABA0A /* Build configuration list for PBXProject "Track My Goals" */;
			compatibilityVersion = "Xcode 9.3";
			developmentRegion = en;
			hasScannedForEncodings = 0;
			knownRegions = (
				en,
				Base,
			);
			mainGroup = 212D47F423767436005ABA0A;
			productRefGroup = 212D47FE23767436005ABA0A /* Products */;
			projectDirPath = "";
			projectRoot = "";
			targets = (
				212D47FC23767436005ABA0A /* Track My Goals */,
			);
		};
/* End PBXProject section */

/* Begin PBXResourcesBuildPhase section */
		212D47FB23767436005ABA0A /* Resources */ = {
			isa = PBXResourcesBuildPhase;
			buildActionMask = 2147483647;
			files = (
				212D480D23767437005ABA0A /* LaunchScreen.storyboard in Resources */,
				21C6364923D6DB41000AB778 /* FirstTab.storyboard in Resources */,
				21C6364C23D6DB5B000AB778 /* SecondTab.storyboard in Resources */,
				212D480A23767437005ABA0A /* Assets.xcassets in Resources */,
				212D480823767436005ABA0A /* Main.storyboard in Resources */,
			);
			runOnlyForDeploymentPostprocessing = 0;
		};
/* End PBXResourcesBuildPhase section */

/* Begin PBXSourcesBuildPhase section */
		212D47F923767436005ABA0A /* Sources */ = {
			isa = PBXSourcesBuildPhase;
			buildActionMask = 2147483647;
			files = (
				2123FAC423BB130D005BE8D8 /* AddRewardViewController.swift in Sources */,
				2123FAC223B5E353005BE8D8 /* RewardsViewController.swift in Sources */,
				2111FAD123AA0616009D310B /* Goal+CoreDataProperties.swift in Sources */,
				2111FAB523A8D181009D310B /* DetailTableViewController.swift in Sources */,
				212D48152376746E005ABA0A /* MainScreenViewController.swift in Sources */,
				21C6365123D6F21A000AB778 /* HistoryCollectionViewCell.swift in Sources */,
				212D481B237687D8005ABA0A /* AddGoalTableViewController.swift in Sources */,
				2111FA9123A847DE009D310B /* GoalLogger.xcdatamodeld in Sources */,
				212D480123767436005ABA0A /* AppDelegate.swift in Sources */,
				2111FAD423AA0616009D310B /* Duration+CoreDataClass.swift in Sources */,
				212D48192376787E005ABA0A /* GoalCell.swift in Sources */,
				2114022523C32F6200A3B083 /* Reward+CoreDataProperties.swift in Sources */,
				2123FACC23BB40C5005BE8D8 /* RewardTableViewCell.swift in Sources */,
				2114022423C32F6200A3B083 /* Reward+CoreDataClass.swift in Sources */,
				212D480323767436005ABA0A /* SceneDelegate.swift in Sources */,
				2111FAD023AA0616009D310B /* Goal+CoreDataClass.swift in Sources */,
				21C6364E23D6DC79000AB778 /* HistoryViewController.swift in Sources */,
				2111FAD523AA0616009D310B /* Duration+CoreDataProperties.swift in Sources */,
			);
			runOnlyForDeploymentPostprocessing = 0;
		};
/* End PBXSourcesBuildPhase section */

/* Begin PBXVariantGroup section */
		212D480623767436005ABA0A /* Main.storyboard */ = {
			isa = PBXVariantGroup;
			children = (
				212D480723767436005ABA0A /* Base */,
			);
			name = Main.storyboard;
			sourceTree = "<group>";
		};
		212D480B23767437005ABA0A /* LaunchScreen.storyboard */ = {
			isa = PBXVariantGroup;
			children = (
				212D480C23767437005ABA0A /* Base */,
			);
			name = LaunchScreen.storyboard;
			sourceTree = "<group>";
		};
		21C6364A23D6DB5B000AB778 /* SecondTab.storyboard */ = {
			isa = PBXVariantGroup;
			children = (
				21C6364B23D6DB5B000AB778 /* Base */,
			);
			name = SecondTab.storyboard;
			sourceTree = "<group>";
		};
/* End PBXVariantGroup section */

/* Begin XCBuildConfiguration section */
		212D480F23767437005ABA0A /* Debug */ = {
			isa = XCBuildConfiguration;
			buildSettings = {
				ALWAYS_SEARCH_USER_PATHS = NO;
				CLANG_ANALYZER_NONNULL = YES;
				CLANG_ANALYZER_NUMBER_OBJECT_CONVERSION = YES_AGGRESSIVE;
				CLANG_CXX_LANGUAGE_STANDARD = "gnu++14";
				CLANG_CXX_LIBRARY = "libc++";
				CLANG_ENABLE_MODULES = YES;
				CLANG_ENABLE_OBJC_ARC = YES;
				CLANG_ENABLE_OBJC_WEAK = YES;
				CLANG_WARN_BLOCK_CAPTURE_AUTORELEASING = YES;
				CLANG_WARN_BOOL_CONVERSION = YES;
				CLANG_WARN_COMMA = YES;
				CLANG_WARN_CONSTANT_CONVERSION = YES;
				CLANG_WARN_DEPRECATED_OBJC_IMPLEMENTATIONS = YES;
				CLANG_WARN_DIRECT_OBJC_ISA_USAGE = YES_ERROR;
				CLANG_WARN_DOCUMENTATION_COMMENTS = YES;
				CLANG_WARN_EMPTY_BODY = YES;
				CLANG_WARN_ENUM_CONVERSION = YES;
				CLANG_WARN_INFINITE_RECURSION = YES;
				CLANG_WARN_INT_CONVERSION = YES;
				CLANG_WARN_NON_LITERAL_NULL_CONVERSION = YES;
				CLANG_WARN_OBJC_IMPLICIT_RETAIN_SELF = YES;
				CLANG_WARN_OBJC_LITERAL_CONVERSION = YES;
				CLANG_WARN_OBJC_ROOT_CLASS = YES_ERROR;
				CLANG_WARN_RANGE_LOOP_ANALYSIS = YES;
				CLANG_WARN_STRICT_PROTOTYPES = YES;
				CLANG_WARN_SUSPICIOUS_MOVE = YES;
				CLANG_WARN_UNGUARDED_AVAILABILITY = YES_AGGRESSIVE;
				CLANG_WARN_UNREACHABLE_CODE = YES;
				CLANG_WARN__DUPLICATE_METHOD_MATCH = YES;
				COPY_PHASE_STRIP = NO;
				DEBUG_INFORMATION_FORMAT = dwarf;
				ENABLE_STRICT_OBJC_MSGSEND = YES;
				ENABLE_TESTABILITY = YES;
				GCC_C_LANGUAGE_STANDARD = gnu11;
				GCC_DYNAMIC_NO_PIC = NO;
				GCC_NO_COMMON_BLOCKS = YES;
				GCC_OPTIMIZATION_LEVEL = 0;
				GCC_PREPROCESSOR_DEFINITIONS = (
					"DEBUG=1",
					"$(inherited)",
				);
				GCC_WARN_64_TO_32_BIT_CONVERSION = YES;
				GCC_WARN_ABOUT_RETURN_TYPE = YES_ERROR;
				GCC_WARN_UNDECLARED_SELECTOR = YES;
				GCC_WARN_UNINITIALIZED_AUTOS = YES_AGGRESSIVE;
				GCC_WARN_UNUSED_FUNCTION = YES;
				GCC_WARN_UNUSED_VARIABLE = YES;
				IPHONEOS_DEPLOYMENT_TARGET = 13.1;
				MTL_ENABLE_DEBUG_INFO = INCLUDE_SOURCE;
				MTL_FAST_MATH = YES;
				ONLY_ACTIVE_ARCH = YES;
				SDKROOT = iphoneos;
				SWIFT_ACTIVE_COMPILATION_CONDITIONS = DEBUG;
				SWIFT_OPTIMIZATION_LEVEL = "-Onone";
			};
			name = Debug;
		};
		212D481023767437005ABA0A /* Release */ = {
			isa = XCBuildConfiguration;
			buildSettings = {
				ALWAYS_SEARCH_USER_PATHS = NO;
				CLANG_ANALYZER_NONNULL = YES;
				CLANG_ANALYZER_NUMBER_OBJECT_CONVERSION = YES_AGGRESSIVE;
				CLANG_CXX_LANGUAGE_STANDARD = "gnu++14";
				CLANG_CXX_LIBRARY = "libc++";
				CLANG_ENABLE_MODULES = YES;
				CLANG_ENABLE_OBJC_ARC = YES;
				CLANG_ENABLE_OBJC_WEAK = YES;
				CLANG_WARN_BLOCK_CAPTURE_AUTORELEASING = YES;
				CLANG_WARN_BOOL_CONVERSION = YES;
				CLANG_WARN_COMMA = YES;
				CLANG_WARN_CONSTANT_CONVERSION = YES;
				CLANG_WARN_DEPRECATED_OBJC_IMPLEMENTATIONS = YES;
				CLANG_WARN_DIRECT_OBJC_ISA_USAGE = YES_ERROR;
				CLANG_WARN_DOCUMENTATION_COMMENTS = YES;
				CLANG_WARN_EMPTY_BODY = YES;
				CLANG_WARN_ENUM_CONVERSION = YES;
				CLANG_WARN_INFINITE_RECURSION = YES;
				CLANG_WARN_INT_CONVERSION = YES;
				CLANG_WARN_NON_LITERAL_NULL_CONVERSION = YES;
				CLANG_WARN_OBJC_IMPLICIT_RETAIN_SELF = YES;
				CLANG_WARN_OBJC_LITERAL_CONVERSION = YES;
				CLANG_WARN_OBJC_ROOT_CLASS = YES_ERROR;
				CLANG_WARN_RANGE_LOOP_ANALYSIS = YES;
				CLANG_WARN_STRICT_PROTOTYPES = YES;
				CLANG_WARN_SUSPICIOUS_MOVE = YES;
				CLANG_WARN_UNGUARDED_AVAILABILITY = YES_AGGRESSIVE;
				CLANG_WARN_UNREACHABLE_CODE = YES;
				CLANG_WARN__DUPLICATE_METHOD_MATCH = YES;
				COPY_PHASE_STRIP = NO;
				DEBUG_INFORMATION_FORMAT = "dwarf-with-dsym";
				ENABLE_NS_ASSERTIONS = NO;
				ENABLE_STRICT_OBJC_MSGSEND = YES;
				GCC_C_LANGUAGE_STANDARD = gnu11;
				GCC_NO_COMMON_BLOCKS = YES;
				GCC_WARN_64_TO_32_BIT_CONVERSION = YES;
				GCC_WARN_ABOUT_RETURN_TYPE = YES_ERROR;
				GCC_WARN_UNDECLARED_SELECTOR = YES;
				GCC_WARN_UNINITIALIZED_AUTOS = YES_AGGRESSIVE;
				GCC_WARN_UNUSED_FUNCTION = YES;
				GCC_WARN_UNUSED_VARIABLE = YES;
				IPHONEOS_DEPLOYMENT_TARGET = 13.1;
				MTL_ENABLE_DEBUG_INFO = NO;
				MTL_FAST_MATH = YES;
				SDKROOT = iphoneos;
				SWIFT_COMPILATION_MODE = wholemodule;
				SWIFT_OPTIMIZATION_LEVEL = "-O";
				VALIDATE_PRODUCT = YES;
			};
			name = Release;
		};
		212D481223767437005ABA0A /* Debug */ = {
			isa = XCBuildConfiguration;
			buildSettings = {
				ASSETCATALOG_COMPILER_APPICON_NAME = AppIcon;
				CODE_SIGN_STYLE = Automatic;
				DEVELOPMENT_TEAM = 475GYSBZB3;
				INFOPLIST_FILE = Goal_Logger/Info.plist;
				LD_RUNPATH_SEARCH_PATHS = (
					"$(inherited)",
					"@executable_path/Frameworks",
				);
				PRODUCT_BUNDLE_IDENTIFIER = com.williamchew.TrackMyGoals;
				PRODUCT_NAME = "Track My Goals";
				SWIFT_VERSION = 5.0;
				TARGETED_DEVICE_FAMILY = "1,2";
			};
			name = Debug;
		};
		212D481323767437005ABA0A /* Release */ = {
			isa = XCBuildConfiguration;
			buildSettings = {
				ASSETCATALOG_COMPILER_APPICON_NAME = AppIcon;
				CODE_SIGN_STYLE = Automatic;
				DEVELOPMENT_TEAM = 475GYSBZB3;
				INFOPLIST_FILE = Goal_Logger/Info.plist;
				LD_RUNPATH_SEARCH_PATHS = (
					"$(inherited)",
					"@executable_path/Frameworks",
				);
				PRODUCT_BUNDLE_IDENTIFIER = com.williamchew.TrackMyGoals;
				PRODUCT_NAME = "Track My Goals";
				SWIFT_VERSION = 5.0;
				TARGETED_DEVICE_FAMILY = "1,2";
			};
			name = Release;
		};
/* End XCBuildConfiguration section */

/* Begin XCConfigurationList section */
		212D47F823767436005ABA0A /* Build configuration list for PBXProject "Track My Goals" */ = {
			isa = XCConfigurationList;
			buildConfigurations = (
				212D480F23767437005ABA0A /* Debug */,
				212D481023767437005ABA0A /* Release */,
			);
			defaultConfigurationIsVisible = 0;
			defaultConfigurationName = Release;
		};
		212D481123767437005ABA0A /* Build configuration list for PBXNativeTarget "Track My Goals" */ = {
			isa = XCConfigurationList;
			buildConfigurations = (
				212D481223767437005ABA0A /* Debug */,
				212D481323767437005ABA0A /* Release */,
			);
			defaultConfigurationIsVisible = 0;
			defaultConfigurationName = Release;
		};
/* End XCConfigurationList section */

/* Begin XCVersionGroup section */
		2111FA8F23A847DE009D310B /* GoalLogger.xcdatamodeld */ = {
			isa = XCVersionGroup;
			children = (
				2111FA9023A847DE009D310B /* Goal.xcdatamodel */,
			);
			currentVersion = 2111FA9023A847DE009D310B /* Goal.xcdatamodel */;
			path = GoalLogger.xcdatamodeld;
			sourceTree = "<group>";
			versionGroupType = wrapper.xcdatamodel;
		};
/* End XCVersionGroup section */
	};
	rootObject = 212D47F523767436005ABA0A /* Project object */;
}
